
Microsoft Visual Studio Solution File, Format Version 12.00
# Visual Studio Version 16
VisualStudioVersion = 16.0.34031.81
MinimumVisualStudioVersion = 10.0.40219.1
Project("{FAE04EC0-301F-11D3-BF4B-00C04F79EFBC}") = "WebBanHang", "WebBanHang\WebBanHang.csproj", "{DD2EB764-F8C9-4D8C-8903-26AE9EFD5DF0}"
EndProject
Global
	GlobalSection(SolutionConfigurationPlatforms) = preSolution
		Debug|Any CPU = Debug|Any CPU
		Release|Any CPU = Release|Any CPU
	EndGlobalSection
	GlobalSection(ProjectConfigurationPlatforms) = postSolution
		{DD2EB764-F8C9-4D8C-8903-26AE9EFD5DF0}.Debug|Any CPU.ActiveCfg = Debug|Any CPU
		{DD2EB764-F8C9-4D8C-8903-26AE9EFD5DF0}.Debug|Any CPU.Build.0 = Debug|Any CPU
		{DD2EB764-F8C9-4D8C-8903-26AE9EFD5DF0}.Release|Any CPU.ActiveCfg = Release|Any CPU
		{DD2EB764-F8C9-4D8C-8903-26AE9EFD5DF0}.Release|Any CPU.Build.0 = Release|Any CPU
	EndGlobalSection
	GlobalSection(SolutionProperties) = preSolution
		HideSolutionNode = FALSE
	EndGlobalSection
	GlobalSection(ExtensibilityGlobals) = postSolution
		SolutionGuid = {969DAF58-34AC-4B2B-BFFC-A56A5E99E620}
	EndGlobalSection
EndGlobal
